
Microsoft Visual Studio Solution File, Format Version 12.00
# Visual Studio Version 16
VisualStudioVersion = 16.0.29123.88
MinimumVisualStudioVersion = 10.0.40219.1
Project("{9A19103F-16F7-4668-BE54-9A1E7A4F7556}") = "Identity", "Identity\Identity.csproj", "{E898BB7C-93D9-4951-9CF0-74B387490952}"
EndProject
Project("{9A19103F-16F7-4668-BE54-9A1E7A4F7556}") = "App.SharedKernel", "..\..\SharedKernel\App.SharedKernel\App.SharedKernel.csproj", "{98B39931-5A7B-45EA-B06F-642D03A1E7E1}"
EndProject
Global
	GlobalSection(SolutionConfigurationPlatforms) = preSolution
		Debug|Any CPU = Debug|Any CPU
		Release|Any CPU = Release|Any CPU
	EndGlobalSection
	GlobalSection(ProjectConfigurationPlatforms) = postSolution
		{E898BB7C-93D9-4951-9CF0-74B387490952}.Debug|Any CPU.ActiveCfg = Debug|Any CPU
		{E898BB7C-93D9-4951-9CF0-74B387490952}.Debug|Any CPU.Build.0 = Debug|Any CPU
		{E898BB7C-93D9-4951-9CF0-74B387490952}.Release|Any CPU.ActiveCfg = Release|Any CPU
		{E898BB7C-93D9-4951-9CF0-74B387490952}.Release|Any CPU.Build.0 = Release|Any CPU
		{98B39931-5A7B-45EA-B06F-642D03A1E7E1}.Debug|Any CPU.ActiveCfg = Debug|Any CPU
		{98B39931-5A7B-45EA-B06F-642D03A1E7E1}.Debug|Any CPU.Build.0 = Debug|Any CPU
		{98B39931-5A7B-45EA-B06F-642D03A1E7E1}.Release|Any CPU.ActiveCfg = Release|Any CPU
		{98B39931-5A7B-45EA-B06F-642D03A1E7E1}.Release|Any CPU.Build.0 = Release|Any CPU
	EndGlobalSection
	GlobalSection(SolutionProperties) = preSolution
		HideSolutionNode = FALSE
	EndGlobalSection
	GlobalSection(ExtensibilityGlobals) = postSolution
		SolutionGuid = {EC07EF57-DF2F-4E44-ADB2-E266A553CFA6}
	EndGlobalSection
EndGlobal
