
Microsoft Visual Studio Solution File, Format Version 12.00
# Visual Studio Version 16
VisualStudioVersion = 16.0.29123.88
MinimumVisualStudioVersion = 10.0.40219.1
Project("{FAE04EC0-301F-11D3-BF4B-00C04F79EFBC}") = "Identity", "Identity\Identity.csproj", "{E898BB7C-93D9-4951-9CF0-74B387490952}"
EndProject
Global
	GlobalSection(SolutionConfigurationPlatforms) = preSolution
		Debug|Any CPU = Debug|Any CPU
		Release|Any CPU = Release|Any CPU
	EndGlobalSection
	GlobalSection(ProjectConfigurationPlatforms) = postSolution
		{E898BB7C-93D9-4951-9CF0-74B387490952}.Debug|Any CPU.ActiveCfg = Debug|Any CPU
		{E898BB7C-93D9-4951-9CF0-74B387490952}.Debug|Any CPU.Build.0 = Debug|Any CPU
		{E898BB7C-93D9-4951-9CF0-74B387490952}.Release|Any CPU.ActiveCfg = Release|Any CPU
		{E898BB7C-93D9-4951-9CF0-74B387490952}.Release|Any CPU.Build.0 = Release|Any CPU
	EndGlobalSection
	GlobalSection(SolutionProperties) = preSolution
		HideSolutionNode = FALSE
	EndGlobalSection
	GlobalSection(ExtensibilityGlobals) = postSolution
		SolutionGuid = {EC07EF57-DF2F-4E44-ADB2-E266A553CFA6}
	EndGlobalSection
EndGlobal
